
Microsoft Visual Studio Solution File, Format Version 12.00
# Visual Studio Version 17
VisualStudioVersion = 17.3.32929.385
MinimumVisualStudioVersion = 10.0.40219.1
Project("{FAE04EC0-301F-11D3-BF4B-00C04F79EFBC}") = "Recipe1", "Recipe1\Recipe1.csproj", "{DFBBDB9E-A1EA-4B58-9847-39ECB72EEA2E}"
EndProject
Global
	GlobalSection(SolutionConfigurationPlatforms) = preSolution
		Debug|Any CPU = Debug|Any CPU
		Release|Any CPU = Release|Any CPU
	EndGlobalSection
	GlobalSection(ProjectConfigurationPlatforms) = postSolution
		{DFBBDB9E-A1EA-4B58-9847-39ECB72EEA2E}.Debug|Any CPU.ActiveCfg = Debug|Any CPU
		{DFBBDB9E-A1EA-4B58-9847-39ECB72EEA2E}.Debug|Any CPU.Build.0 = Debug|Any CPU
		{DFBBDB9E-A1EA-4B58-9847-39ECB72EEA2E}.Release|Any CPU.ActiveCfg = Release|Any CPU
		{DFBBDB9E-A1EA-4B58-9847-39ECB72EEA2E}.Release|Any CPU.Build.0 = Release|Any CPU
	EndGlobalSection
	GlobalSection(SolutionProperties) = preSolution
		HideSolutionNode = FALSE
	EndGlobalSection
	GlobalSection(ExtensibilityGlobals) = postSolution
		SolutionGuid = {D31725A2-804C-4ED6-A99D-75BB1672CCBA}
	EndGlobalSection
EndGlobal
